<Solution>
  <Folder Name="/playground/">
    <Project Path="playground/ConsoleAppDotnet8/ConsoleAppDotnet8.csproj" Id="98e4ac61-d1aa-4ff9-b863-4959703d5c63" />
  </Folder>
  <Project Path="sources/ArthurKamsu.S2S.Oauth.Clientcredentials.Core/ArthurKamsu.S2S.Oauth.Clientcredentials.Core.csproj" Id="fb480630-c3fa-4989-8ca6-f253ea58e89d" />
  <Project Path="sources/ArthurKamsu.S2S.Oauth.Clientcredentials/ArthurKamsu.S2S.Oauth.Clientcredentials.csproj" Id="ff5d2eac-4d5f-4bfd-a151-3de5c048f4b5" />
</Solution>
